Microsoft Visual Studio Solution File, Format Version 11.00
# Visual Studio 2008

Project("{EBD974FD-AEE7-F26F-476E-9F918AB74492}") = "SkyRoads", "Assembly-CSharp-firstpass-vs.csproj", "{A88F80DF-B3B4-B8C8-F1A9-E19F17AE57E7}"
EndProject
Project("{EBD974FD-AEE7-F26F-476E-9F918AB74492}") = "SkyRoads", "Assembly-CSharp-vs.csproj", "{9A269BDB-13A5-16BF-4C57-143425A0E98D}"
EndProject
Global
	GlobalSection(SolutionConfigurationPlatforms) = preSolution
		Debug|Any CPU = Debug|Any CPU
		Release|Any CPU = Release|Any CPU
	EndGlobalSection
	GlobalSection(ProjectConfigurationPlatforms) = postSolution
		{A88F80DF-B3B4-B8C8-F1A9-E19F17AE57E7}.Debug|Any CPU.ActiveCfg = Debug|Any CPU
		{A88F80DF-B3B4-B8C8-F1A9-E19F17AE57E7}.Debug|Any CPU.Build.0 = Debug|Any CPU
		{A88F80DF-B3B4-B8C8-F1A9-E19F17AE57E7}.Release|Any CPU.ActiveCfg = Release|Any CPU
		{A88F80DF-B3B4-B8C8-F1A9-E19F17AE57E7}.Release|Any CPU.Build.0 = Release|Any CPU
		{9A269BDB-13A5-16BF-4C57-143425A0E98D}.Debug|Any CPU.ActiveCfg = Debug|Any CPU
		{9A269BDB-13A5-16BF-4C57-143425A0E98D}.Debug|Any CPU.Build.0 = Debug|Any CPU
		{9A269BDB-13A5-16BF-4C57-143425A0E98D}.Release|Any CPU.ActiveCfg = Release|Any CPU
		{9A269BDB-13A5-16BF-4C57-143425A0E98D}.Release|Any CPU.Build.0 = Release|Any CPU
	EndGlobalSection
	GlobalSection(SolutionProperties) = preSolution
		HideSolutionNode = FALSE
	EndGlobalSection
						GlobalSection(MonoDevelopProperties) = preSolution
		StartupItem = Assembly-CSharp.csproj
		Policies = $0
		$0.TextStylePolicy = $1
		$1.inheritsSet = null
		$1.scope = text/x-csharp
		$0.CSharpFormattingPolicy = $2
		$2.inheritsSet = Mono
		$2.inheritsScope = text/x-csharp
		$2.scope = text/x-csharp
		$0.TextStylePolicy = $3
		$3.FileWidth = 120
		$3.TabWidth = 4
		$3.EolMarker = Unix
		$3.inheritsSet = Mono
		$3.inheritsScope = text/plain
		$3.scope = text/plain
	EndGlobalSection

EndGlobal
